
Microsoft Visual Studio Solution File, Format Version 12.00
# Visual Studio Version 17
VisualStudioVersion = 17.14.36518.9 d17.14
MinimumVisualStudioVersion = 10.0.40219.1
Project("{FAE04EC0-301F-11D3-BF4B-00C04F79EFBC}") = "FashionERP", "FashionERP\FashionERP.csproj", "{A9DCCF81-41C9-451D-B68E-55511FAE21BF}"
EndProject
Global
	GlobalSection(SolutionConfigurationPlatforms) = preSolution
		Debug|Any CPU = Debug|Any CPU
		Release|Any CPU = Release|Any CPU
	EndGlobalSection
	GlobalSection(ProjectConfigurationPlatforms) = postSolution
		{A9DCCF81-41C9-451D-B68E-55511FAE21BF}.Debug|Any CPU.ActiveCfg = Debug|Any CPU
		{A9DCCF81-41C9-451D-B68E-55511FAE21BF}.Debug|Any CPU.Build.0 = Debug|Any CPU
		{A9DCCF81-41C9-451D-B68E-55511FAE21BF}.Release|Any CPU.ActiveCfg = Release|Any CPU
		{A9DCCF81-41C9-451D-B68E-55511FAE21BF}.Release|Any CPU.Build.0 = Release|Any CPU
	EndGlobalSection
	GlobalSection(SolutionProperties) = preSolution
		HideSolutionNode = FALSE
	EndGlobalSection
	GlobalSection(ExtensibilityGlobals) = postSolution
		SolutionGuid = {63721FA0-DE1E-4D07-8C8A-8381A3CFF970}
	EndGlobalSection
EndGlobal
